
Microsoft Visual Studio Solution File, Format Version 12.00
# Visual Studio 15
VisualStudioVersion = 15.0.27004.2006
MinimumVisualStudioVersion = 10.0.40219.1
Project("{FAE04EC0-301F-11D3-BF4B-00C04F79EFBC}") = "CW8.2.18", "CW8.2.18\CW8.2.18.csproj", "{A4ECD119-2500-4D96-A59F-447C4F08AA11}"
EndProject
Global
	GlobalSection(SolutionConfigurationPlatforms) = preSolution
		Debug|Any CPU = Debug|Any CPU
		Release|Any CPU = Release|Any CPU
	EndGlobalSection
	GlobalSection(ProjectConfigurationPlatforms) = postSolution
		{A4ECD119-2500-4D96-A59F-447C4F08AA11}.Debug|Any CPU.ActiveCfg = Debug|Any CPU
		{A4ECD119-2500-4D96-A59F-447C4F08AA11}.Debug|Any CPU.Build.0 = Debug|Any CPU
		{A4ECD119-2500-4D96-A59F-447C4F08AA11}.Release|Any CPU.ActiveCfg = Release|Any CPU
		{A4ECD119-2500-4D96-A59F-447C4F08AA11}.Release|Any CPU.Build.0 = Release|Any CPU
	EndGlobalSection
	GlobalSection(SolutionProperties) = preSolution
		HideSolutionNode = FALSE
	EndGlobalSection
	GlobalSection(ExtensibilityGlobals) = postSolution
		SolutionGuid = {9BF4A779-87E8-4544-BD68-592C5335586B}
	EndGlobalSection
EndGlobal
