
Microsoft Visual Studio Solution File, Format Version 12.00
# Visual Studio 15
VisualStudioVersion = 15.0.27004.2006
MinimumVisualStudioVersion = 10.0.40219.1
Project("{9A19103F-16F7-4668-BE54-9A1E7A4F7556}") = "CW8.2.18", "CW8.2.18.csproj", "{DA7EAFAE-D88E-42EC-B63A-CBB5A3C416D0}"
EndProject
Global
	GlobalSection(SolutionConfigurationPlatforms) = preSolution
		Debug|Any CPU = Debug|Any CPU
		Release|Any CPU = Release|Any CPU
	EndGlobalSection
	GlobalSection(ProjectConfigurationPlatforms) = postSolution
		{DA7EAFAE-D88E-42EC-B63A-CBB5A3C416D0}.Debug|Any CPU.ActiveCfg = Debug|Any CPU
		{DA7EAFAE-D88E-42EC-B63A-CBB5A3C416D0}.Debug|Any CPU.Build.0 = Debug|Any CPU
		{DA7EAFAE-D88E-42EC-B63A-CBB5A3C416D0}.Release|Any CPU.ActiveCfg = Release|Any CPU
		{DA7EAFAE-D88E-42EC-B63A-CBB5A3C416D0}.Release|Any CPU.Build.0 = Release|Any CPU
	EndGlobalSection
	GlobalSection(SolutionProperties) = preSolution
		HideSolutionNode = FALSE
	EndGlobalSection
	GlobalSection(ExtensibilityGlobals) = postSolution
		SolutionGuid = {0735C5AA-09F6-4C02-BB7B-377F4C778587}
	EndGlobalSection
EndGlobal
